{
  "lockfile_version": "1",
  "packages": {
    "bun@latest": {
      "last_modified": "2024-06-03T07:19:07Z",
      "resolved": "github:NixOS/nixpkgs/4a4ecb0ab415c9fccfb005567a215e6a9564cdf5#bun",
      "source": "devbox-search",
      "version": "1.1.10",
      "systems": {
        "aarch64-darwin": {
          "outputs": [
            {
              "name": "out",
              "path": "/nix/store/l1q46czfrz2p70x1mmk79rpw7c8j3g7f-bun-1.1.10",
              "default": true
            }
          ],
          "store_path": "/nix/store/l1q46czfrz2p70x1mmk79rpw7c8j3g7f-bun-1.1.10"
        },
        "aarch64-linux": {
          "outputs": [
            {
              "name": "out",
              "path": "/nix/store/mq84hyayln63lh97773b742hc35474xv-bun-1.1.10",
              "default": true
            }
          ],
          "store_path": "/nix/store/mq84hyayln63lh97773b742hc35474xv-bun-1.1.10"
        },
        "x86_64-darwin": {
          "outputs": [
            {
              "name": "out",
              "path": "/nix/store/fxd1z4chfyvivmz8ghb9g6i9b6qp5a60-bun-1.1.10",
              "default": true
            }
          ],
          "store_path": "/nix/store/fxd1z4chfyvivmz8ghb9g6i9b6qp5a60-bun-1.1.10"
        },
        "x86_64-linux": {
          "outputs": [
            {
              "name": "out",
              "path": "/nix/store/3ws1qnjgq1rbxs96q67php6i8aygcxgg-bun-1.1.10",
              "default": true
            }
          ],
          "store_path": "/nix/store/3ws1qnjgq1rbxs96q67php6i8aygcxgg-bun-1.1.10"
        }
      }
    },
    "kubectl@latest": {
      "last_modified": "2024-05-22T06:18:38Z",
      "resolved": "github:NixOS/nixpkgs/3f316d2a50699a78afe5e77ca486ad553169061e#kubectl",
      "source": "devbox-search",
      "version": "1.30.1",
      "systems": {
        "aarch64-darwin": {
          "outputs": [
            {
              "name": "out",
              "path": "/nix/store/qwfjmaq9pi6b52fy0p6r5h7bz3dsrd5a-kubectl-1.30.1",
              "default": true
            },
            {
              "name": "man",
              "path": "/nix/store/4j4zh6hc4r79dkhdpvmsj08ns0sidp3q-kubectl-1.30.1-man",
              "default": true
            },
            {
              "name": "convert",
              "path": "/nix/store/52cbngv6wrmzqjmgqca1jampmyhjavp3-kubectl-1.30.1-convert"
            }
          ],
          "store_path": "/nix/store/qwfjmaq9pi6b52fy0p6r5h7bz3dsrd5a-kubectl-1.30.1"
        },
        "aarch64-linux": {
          "outputs": [
            {
              "name": "out",
              "path": "/nix/store/3yz0b2jabnag1dp849di6pr44xska4v4-kubectl-1.30.1",
              "default": true
            },
            {
              "name": "man",
              "path": "/nix/store/x959virs4416haw91i31k8wx46vvcw7n-kubectl-1.30.1-man",
              "default": true
            },
            {
              "name": "convert",
              "path": "/nix/store/cg6i708y910v3s4z2syi9hgzbvppn3rv-kubectl-1.30.1-convert"
            }
          ],
          "store_path": "/nix/store/3yz0b2jabnag1dp849di6pr44xska4v4-kubectl-1.30.1"
        },
        "x86_64-darwin": {
          "outputs": [
            {
              "name": "out",
              "path": "/nix/store/jmsb2gahggm22x0mch7avnxxplfh6skj-kubectl-1.30.1",
              "default": true
            },
            {
              "name": "man",
              "path": "/nix/store/186kmibnzsk182mi81fbxz4cq3ra43bw-kubectl-1.30.1-man",
              "default": true
            },
            {
              "name": "convert",
              "path": "/nix/store/3qz8sqvf7bjhpw7m0dr531qbr8cfyr7w-kubectl-1.30.1-convert"
            }
          ],
          "store_path": "/nix/store/jmsb2gahggm22x0mch7avnxxplfh6skj-kubectl-1.30.1"
        },
        "x86_64-linux": {
          "outputs": [
            {
              "name": "out",
              "path": "/nix/store/05k95p72niq1gh39gv1g9n0ivsgl4hiy-kubectl-1.30.1",
              "default": true
            },
            {
              "name": "man",
              "path": "/nix/store/5vr6jxqx0al48cv8ryxr003f4f4f1h65-kubectl-1.30.1-man",
              "default": true
            },
            {
              "name": "convert",
              "path": "/nix/store/5jaykj68b06p6mfhmgy6ghmy0wmm9yp5-kubectl-1.30.1-convert"
            }
          ],
          "store_path": "/nix/store/05k95p72niq1gh39gv1g9n0ivsgl4hiy-kubectl-1.30.1"
        }
      }
    },
    "minikube@latest": {
      "last_modified": "2024-05-29T10:04:41Z",
      "resolved": "github:NixOS/nixpkgs/ac82a513e55582291805d6f09d35b6d8b60637a1#minikube",
      "source": "devbox-search",
      "version": "1.33.1",
      "systems": {
        "aarch64-darwin": {
          "outputs": [
            {
              "name": "out",
              "path": "/nix/store/cs72i8w9gyh4r9i536yj47kwdw9xbdas-minikube-1.33.1",
              "default": true
            }
          ],
          "store_path": "/nix/store/cs72i8w9gyh4r9i536yj47kwdw9xbdas-minikube-1.33.1"
        },
        "aarch64-linux": {
          "outputs": [
            {
              "name": "out",
              "path": "/nix/store/kc609c8vyglspcmg2n42bw902q9lxd34-minikube-1.33.1",
              "default": true
            }
          ],
          "store_path": "/nix/store/kc609c8vyglspcmg2n42bw902q9lxd34-minikube-1.33.1"
        },
        "x86_64-darwin": {
          "outputs": [
            {
              "name": "out",
              "path": "/nix/store/4s3cl36zi5m2m239h5a58b90lcknd8b9-minikube-1.33.1",
              "default": true
            }
          ],
          "store_path": "/nix/store/4s3cl36zi5m2m239h5a58b90lcknd8b9-minikube-1.33.1"
        },
        "x86_64-linux": {
          "outputs": [
            {
              "name": "out",
              "path": "/nix/store/zf9zr2n0zwk2qs61y03n69svjxcfcbbr-minikube-1.33.1",
              "default": true
            }
          ],
          "store_path": "/nix/store/zf9zr2n0zwk2qs61y03n69svjxcfcbbr-minikube-1.33.1"
        }
      }
    }
  }
}
